
Microsoft Visual Studio Solution File, Format Version 12.00
# Visual Studio Version 16
VisualStudioVersion = 16.0.33130.400
MinimumVisualStudioVersion = 10.0.40219.1
Project("{9A19103F-16F7-4668-BE54-9A1E7A4F7556}") = "JWTAuthWebApi", "JWTAuthWebApi\JWTAuthWebApi.csproj", "{44D0C330-6378-4D9E-A2B0-378FFB3A068B}"
EndProject
Project("{FAE04EC0-301F-11D3-BF4B-00C04F79EFBC}") = "TestJWTAuthWebApi", "TestJWTAuthWebApi\TestJWTAuthWebApi.csproj", "{36993769-9BB8-453A-A164-DFB8B46690B9}"
EndProject
Global
	GlobalSection(SolutionConfigurationPlatforms) = preSolution
		Debug|Any CPU = Debug|Any CPU
		Release|Any CPU = Release|Any CPU
	EndGlobalSection
	GlobalSection(ProjectConfigurationPlatforms) = postSolution
		{44D0C330-6378-4D9E-A2B0-378FFB3A068B}.Debug|Any CPU.ActiveCfg = Debug|Any CPU
		{44D0C330-6378-4D9E-A2B0-378FFB3A068B}.Debug|Any CPU.Build.0 = Debug|Any CPU
		{44D0C330-6378-4D9E-A2B0-378FFB3A068B}.Release|Any CPU.ActiveCfg = Release|Any CPU
		{44D0C330-6378-4D9E-A2B0-378FFB3A068B}.Release|Any CPU.Build.0 = Release|Any CPU
		{36993769-9BB8-453A-A164-DFB8B46690B9}.Debug|Any CPU.ActiveCfg = Debug|Any CPU
		{36993769-9BB8-453A-A164-DFB8B46690B9}.Debug|Any CPU.Build.0 = Debug|Any CPU
		{36993769-9BB8-453A-A164-DFB8B46690B9}.Release|Any CPU.ActiveCfg = Release|Any CPU
		{36993769-9BB8-453A-A164-DFB8B46690B9}.Release|Any CPU.Build.0 = Release|Any CPU
	EndGlobalSection
	GlobalSection(SolutionProperties) = preSolution
		HideSolutionNode = FALSE
	EndGlobalSection
	GlobalSection(ExtensibilityGlobals) = postSolution
		SolutionGuid = {B074183C-3A03-4BFA-9ED3-9D9916B49FF6}
	EndGlobalSection
EndGlobal
